
Microsoft Visual Studio Solution File, Format Version 12.00
# Visual Studio Version 17
VisualStudioVersion = 17.4.33213.308
MinimumVisualStudioVersion = 10.0.40219.1
Project("{FAE04EC0-301F-11D3-BF4B-00C04F79EFBC}") = "CSCI280_LukeDuell_Assignment1", "CSCI280_LukeDuell_Assignment1\CSCI280_LukeDuell_Assignment1.csproj", "{2B7C99F8-6CEA-4D58-8BCA-F1A684925F81}"
EndProject
Global
	GlobalSection(SolutionConfigurationPlatforms) = preSolution
		Debug|Any CPU = Debug|Any CPU
		Release|Any CPU = Release|Any CPU
	EndGlobalSection
	GlobalSection(ProjectConfigurationPlatforms) = postSolution
		{2B7C99F8-6CEA-4D58-8BCA-F1A684925F81}.Debug|Any CPU.ActiveCfg = Debug|Any CPU
		{2B7C99F8-6CEA-4D58-8BCA-F1A684925F81}.Debug|Any CPU.Build.0 = Debug|Any CPU
		{2B7C99F8-6CEA-4D58-8BCA-F1A684925F81}.Release|Any CPU.ActiveCfg = Release|Any CPU
		{2B7C99F8-6CEA-4D58-8BCA-F1A684925F81}.Release|Any CPU.Build.0 = Release|Any CPU
	EndGlobalSection
	GlobalSection(SolutionProperties) = preSolution
		HideSolutionNode = FALSE
	EndGlobalSection
	GlobalSection(ExtensibilityGlobals) = postSolution
		SolutionGuid = {2ABD220B-AB6D-46C4-A683-8E7D97ECCA8A}
	EndGlobalSection
EndGlobal
